github.com/BalazsNyiro/iris v0.0.0-20221020110247-739f16543dea h1:oYBYfq0Rfkai5Xz0dPmI6z2w5tbmysidod+sTBBHIO8=
github.com/BalazsNyiro/iris v0.0.0-20221020110247-739f16543dea/go.mod h1:gOOpqgInAXvDwO/dbfrht1NuO34jy3WcMVq5hvRcqsE=
github.com/BalazsNyiro/iris v0.0.0-20221021000412-2b23f092efbd h1:Y1ZZ6oLTDzdrIBontU4o8kHRfcGaOrdN0ruWApRhujU=
github.com/BalazsNyiro/iris v0.0.0-20221021000412-2b23f092efbd/go.mod h1:gOOpqgInAXvDwO/dbfrht1NuO34jy3WcMVq5hvRcqsE=
github.com/BalazsNyiro/iris v0.0.0-20221021004216-25730e7a1c23 h1:cxT96rBVhLQzHIkdThk8/pZ9KRoXwiPpf9iqnTaxX58=
github.com/BalazsNyiro/iris v0.0.0-20221021004216-25730e7a1c23/go.mod h1:gOOpqgInAXvDwO/dbfrht1NuO34jy3WcMVq5hvRcqsE=
