github.com/BalazsNyiro/iris v0.0.0-20221021004216-25730e7a1c23 h1:cxT96rBVhLQzHIkdThk8/pZ9KRoXwiPpf9iqnTaxX58=
github.com/BalazsNyiro/iris v0.0.0-20221021004216-25730e7a1c23/go.mod h1:gOOpqgInAXvDwO/dbfrht1NuO34jy3WcMVq5hvRcqsE=
github.com/BalazsNyiro/iris v0.0.0-20221021010710-0e25f1bcf881 h1:pi34rZOH75nCImSTaHZ/Ur5HxBL0fqQ1qntaODwhdDo=
github.com/BalazsNyiro/iris v0.0.0-20221021010710-0e25f1bcf881/go.mod h1:gOOpqgInAXvDwO/dbfrht1NuO34jy3WcMVq5hvRcqsE=
github.com/BalazsNyiro/iris v0.0.0-20221021011429-f2c3566e09af h1:eJEDR/ziIO32PHeIjwIaNx3jjELrRUCJWpOSDHA3/dU=
github.com/BalazsNyiro/iris v0.0.0-20221021011429-f2c3566e09af/go.mod h1:gOOpqgInAXvDwO/dbfrht1NuO34jy3WcMVq5hvRcqsE=
github.com/BalazsNyiro/iris v0.0.0-20221021015112-617ff2e8aa61 h1:UMPaqFkfQKzy+QOcMN/w14cBzyLTEpZVcoMoTpNpa+Q=
github.com/BalazsNyiro/iris v0.0.0-20221021015112-617ff2e8aa61/go.mod h1:gOOpqgInAXvDwO/dbfrht1NuO34jy3WcMVq5hvRcqsE=
github.com/BalazsNyiro/iris v0.0.0-20221112120812-d2483b119ccf h1:01KiMqhAzT8HNW9YoaBFre+GSDTL7AwHpsyvC0XUixI=
github.com/BalazsNyiro/iris v0.0.0-20221112120812-d2483b119ccf/go.mod h1:gOOpqgInAXvDwO/dbfrht1NuO34jy3WcMVq5hvRcqsE=
github.com/BalazsNyiro/iris v0.0.0-20221113231657-68060e3275fd h1:JzbSvAypmjIvi1ncrWhSV9evmpJRSBX3WyVLHZWsvaw=
github.com/BalazsNyiro/iris v0.0.0-20221113231657-68060e3275fd/go.mod h1:gOOpqgInAXvDwO/dbfrht1NuO34jy3WcMVq5hvRcqsE=
github.com/BalazsNyiro/iris v0.0.0-20221113232140-1adb4ce92754 h1:QRCLeW3WqJiDRthJfvwTnhWE5ykQmMxHzeobN6mrL7I=
github.com/BalazsNyiro/iris v0.0.0-20221113232140-1adb4ce92754/go.mod h1:gOOpqgInAXvDwO/dbfrht1NuO34jy3WcMVq5hvRcqsE=
github.com/BalazsNyiro/iris v0.0.0-20221116034615-5a410232e8a8 h1:EbO1Ecpgp23hSk/Z6Pp74CX9HcJFfhbFknc8QzatJbA=
github.com/BalazsNyiro/iris v0.0.0-20221116034615-5a410232e8a8/go.mod h1:gOOpqgInAXvDwO/dbfrht1NuO34jy3WcMVq5hvRcqsE=
github.com/BalazsNyiro/iris v0.0.0-20221116034926-f2670dec6ec8 h1:5mDE1bfkwcV15+9MH1ffPLH5Jh2ZrZVy2XT73pMBHf0=
github.com/BalazsNyiro/iris v0.0.0-20221116034926-f2670dec6ec8/go.mod h1:gOOpqgInAXvDwO/dbfrht1NuO34jy3WcMVq5hvRcqsE=
github.com/BalazsNyiro/iris v0.0.0-20221121035212-3b93775b2780 h1:PuS2j0A0plRZG8Z6/JHG4Z4vt7FEuCNHbTk03todgSE=
github.com/BalazsNyiro/iris v0.0.0-20221121035212-3b93775b2780/go.mod h1:gOOpqgInAXvDwO/dbfrht1NuO34jy3WcMVq5hvRcqsE=
github.com/BalazsNyiro/iris v0.0.0-20221121035833-cd1b5bc30c6e h1:0IMfNTM6yHEiJdyBztzB4edwsTr4osCKD6vZQr24Cyk=
github.com/BalazsNyiro/iris v0.0.0-20221121035833-cd1b5bc30c6e/go.mod h1:gOOpqgInAXvDwO/dbfrht1NuO34jy3WcMVq5hvRcqsE=
github.com/BalazsNyiro/iris v0.0.0-20221121035925-fbb51373d278 h1:53aqcJNjlbLdcSlPOEN1bkKhLeTyP05iqXBUkLo1iGI=
github.com/BalazsNyiro/iris v0.0.0-20221121035925-fbb51373d278/go.mod h1:gOOpqgInAXvDwO/dbfrht1NuO34jy3WcMVq5hvRcqsE=
github.com/BalazsNyiro/iris v0.0.0-20221121040107-7b5ce6ee3f13 h1:fzpYPKdA/VOg8Zi+ctztuVZhZ8zu83nRh0wmZfMvVKA=
github.com/BalazsNyiro/iris v0.0.0-20221121040107-7b5ce6ee3f13/go.mod h1:gOOpqgInAXvDwO/dbfrht1NuO34jy3WcMVq5hvRcqsE=
github.com/BalazsNyiro/iris v0.0.0-20221121040154-a52f746f6a3e h1:rqszdP9jnjcEIWPfItxprUSD1nOYgMW7ro4lH57C0EE=
github.com/BalazsNyiro/iris v0.0.0-20221121040154-a52f746f6a3e/go.mod h1:gOOpqgInAXvDwO/dbfrht1NuO34jy3WcMVq5hvRcqsE=
github.com/BalazsNyiro/iris v0.0.0-20221121120202-b1a441703db1 h1:S8xRd0i/uEi/CHgWxZ23qgL1L4UoPTZegHjR2Rmi3vU=
github.com/BalazsNyiro/iris v0.0.0-20221121120202-b1a441703db1/go.mod h1:gOOpqgInAXvDwO/dbfrht1NuO34jy3WcMVq5hvRcqsE=
github.com/BalazsNyiro/iris v0.0.0-20221121120652-078af9db5549 h1:IFSq9kThEok/ahRin1sUnQnp4HqWYmLggN6zIeGYK5s=
github.com/BalazsNyiro/iris v0.0.0-20221121120652-078af9db5549/go.mod h1:gOOpqgInAXvDwO/dbfrht1NuO34jy3WcMVq5hvRcqsE=
github.com/BalazsNyiro/iris v0.0.0-20221123030034-40dc7b6ec688 h1:OtCgOhG9NVg9vMh85VkeBtWR4uyQ4lfJGRFwK4Ofows=
github.com/BalazsNyiro/iris v0.0.0-20221123030034-40dc7b6ec688/go.mod h1:gOOpqgInAXvDwO/dbfrht1NuO34jy3WcMVq5hvRcqsE=
github.com/BalazsNyiro/iris v0.0.0-20221127161039-b6ee4d025e5b h1:QuZF9zlZ5l3kd1Yteq36p7M1543tjNXGIZ4Zx8rfwVI=
github.com/BalazsNyiro/iris v0.0.0-20221127161039-b6ee4d025e5b/go.mod h1:gOOpqgInAXvDwO/dbfrht1NuO34jy3WcMVq5hvRcqsE=
github.com/BalazsNyiro/iris v0.0.0-20221127224504-300cdfe94c93 h1:W5xhb6gJLm7XZIBYRIcNC0Dc+Iw2vNur90zTCjSTCz8=
github.com/BalazsNyiro/iris v0.0.0-20221127224504-300cdfe94c93/go.mod h1:gOOpqgInAXvDwO/dbfrht1NuO34jy3WcMVq5hvRcqsE=
github.com/BalazsNyiro/iris v0.0.0-20221127224840-dfb9272c5c11 h1:nrclfUwsUBi9FN7wC/A+/BL770FFU72/5o3oUxcI+Vs=
github.com/BalazsNyiro/iris v0.0.0-20221127224840-dfb9272c5c11/go.mod h1:gOOpqgInAXvDwO/dbfrht1NuO34jy3WcMVq5hvRcqsE=
github.com/BalazsNyiro/iris v0.0.0-20221128031510-d3551dc9f5b4 h1:b9HwwoiLv1tv2wfvzN7Y2upkFAdXeMxUSFOwDfpDgrY=
github.com/BalazsNyiro/iris v0.0.0-20221128031510-d3551dc9f5b4/go.mod h1:gOOpqgInAXvDwO/dbfrht1NuO34jy3WcMVq5hvRcqsE=
github.com/BalazsNyiro/iris v0.0.0-20221128114823-39e9bbddcfb8 h1:1jiKo6HTMkFHcSEF5Gv+kPq6JL6E5EUlXAqWp9HBy6s=
github.com/BalazsNyiro/iris v0.0.0-20221128114823-39e9bbddcfb8/go.mod h1:gOOpqgInAXvDwO/dbfrht1NuO34jy3WcMVq5hvRcqsE=
github.com/BalazsNyiro/iris v0.0.0-20221128115727-1e0e3e8f5272 h1:xseUIQ1mUq5khI8jt5Q/XoVSW9wf1dWAmaF4qeYK3vA=
github.com/BalazsNyiro/iris v0.0.0-20221128115727-1e0e3e8f5272/go.mod h1:gOOpqgInAXvDwO/dbfrht1NuO34jy3WcMVq5hvRcqsE=
github.com/BalazsNyiro/iris v0.0.0-20221128120418-655b99f642fa h1:xU40C3RXkJBkKiixQD6lzXtTP+nC1Nxk51tbqe04WBE=
github.com/BalazsNyiro/iris v0.0.0-20221128120418-655b99f642fa/go.mod h1:gOOpqgInAXvDwO/dbfrht1NuO34jy3WcMVq5hvRcqsE=
github.com/BalazsNyiro/iris v0.0.0-20221128120609-cbd74ee643e1 h1:fRyy6la9P5vTY6skhZUa2q9rieTU+naaD/IarCO/Pqs=
github.com/BalazsNyiro/iris v0.0.0-20221128120609-cbd74ee643e1/go.mod h1:gOOpqgInAXvDwO/dbfrht1NuO34jy3WcMVq5hvRcqsE=
github.com/BalazsNyiro/iris v0.0.0-20221207120857-1a44f56776ec h1:hN1+dmKS2qqYWB8flvX6f1mGgXMTcYOqDdB8MtpeQJE=
github.com/BalazsNyiro/iris v0.0.0-20221207120857-1a44f56776ec/go.mod h1:gOOpqgInAXvDwO/dbfrht1NuO34jy3WcMVq5hvRcqsE=
github.com/BalazsNyiro/iris v0.0.0-20221207121627-3dbc1f26f54e h1:RCq+DCxSfQdZdNnn0xMs5JwZkc7hesOl+qzIWdzFH0M=
github.com/BalazsNyiro/iris v0.0.0-20221207121627-3dbc1f26f54e/go.mod h1:gOOpqgInAXvDwO/dbfrht1NuO34jy3WcMVq5hvRcqsE=
github.com/BalazsNyiro/iris v0.0.0-20221207121822-5a371f1ba6aa h1:ZettmAJsZOXMmn7MPh8GHIo/3uUkDunXlAITq6xnsLg=
github.com/BalazsNyiro/iris v0.0.0-20221207121822-5a371f1ba6aa/go.mod h1:gOOpqgInAXvDwO/dbfrht1NuO34jy3WcMVq5hvRcqsE=
github.com/BalazsNyiro/iris v0.0.0-20221211214435-ff377da19f93 h1:ggfhIiivnp5wt2cvKJr8Pz5EQzARu0hui3OL7mmbS+c=
github.com/BalazsNyiro/iris v0.0.0-20221211214435-ff377da19f93/go.mod h1:gOOpqgInAXvDwO/dbfrht1NuO34jy3WcMVq5hvRcqsE=
github.com/BalazsNyiro/iris v0.0.0-20221212034106-67d4240d943a h1:IE6bNz4SMUVUPcNvwj+UaTnFZcAVfDBlJo5qdKq/LII=
github.com/BalazsNyiro/iris v0.0.0-20221212034106-67d4240d943a/go.mod h1:gOOpqgInAXvDwO/dbfrht1NuO34jy3WcMVq5hvRcqsE=
github.com/BalazsNyiro/iris v0.0.0-20221212034515-0623b0d8b9da h1:/BEM0HW9RP3LjJAKVnUZu445YflbW3IsNOuVRn2vjW8=
github.com/BalazsNyiro/iris v0.0.0-20221212034515-0623b0d8b9da/go.mod h1:gOOpqgInAXvDwO/dbfrht1NuO34jy3WcMVq5hvRcqsE=
github.com/BalazsNyiro/iris v0.0.0-20221212034706-f719b08f625b h1:9W51uOl304Uots9peUV3m3cpjQIhOX/QV3MD8XIzhoM=
github.com/BalazsNyiro/iris v0.0.0-20221212034706-f719b08f625b/go.mod h1:gOOpqgInAXvDwO/dbfrht1NuO34jy3WcMVq5hvRcqsE=
github.com/BalazsNyiro/iris v0.0.0-20221212035521-fa6f9490bc00 h1:sk+1C8pNZaVr+z0N6RxBIWxPSmHHmqzlcPKcJF2wb8w=
github.com/BalazsNyiro/iris v0.0.0-20221212035521-fa6f9490bc00/go.mod h1:gOOpqgInAXvDwO/dbfrht1NuO34jy3WcMVq5hvRcqsE=
github.com/BalazsNyiro/iris v0.0.0-20221212035632-a09a11e0d30e h1:UOzT9M9APvK7uWSGPpc2xN1bSk6BhHMkW1Ico1QHVuw=
github.com/BalazsNyiro/iris v0.0.0-20221212035632-a09a11e0d30e/go.mod h1:gOOpqgInAXvDwO/dbfrht1NuO34jy3WcMVq5hvRcqsE=
github.com/BalazsNyiro/iris v0.0.0-20221212040350-56832a2d2689 h1:WCNMf3tM73HCIG/sUh749OJLA8thX18vRp/nynJQPOE=
github.com/BalazsNyiro/iris v0.0.0-20221212040350-56832a2d2689/go.mod h1:gOOpqgInAXvDwO/dbfrht1NuO34jy3WcMVq5hvRcqsE=
github.com/BalazsNyiro/iris v0.0.0-20221215191109-d18475154ca0 h1:8FBuzb1/cJH9RDMfAgU0+srZswhIZHIRqE58c1MBSZQ=
github.com/BalazsNyiro/iris v0.0.0-20221215191109-d18475154ca0/go.mod h1:gOOpqgInAXvDwO/dbfrht1NuO34jy3WcMVq5hvRcqsE=
github.com/BalazsNyiro/iris v0.0.0-20221215191245-14cf7878d345 h1:PRonJXrutjTheBmXVmlh4gA8k2L9mEFe279auNMNFvM=
github.com/BalazsNyiro/iris v0.0.0-20221215191245-14cf7878d345/go.mod h1:gOOpqgInAXvDwO/dbfrht1NuO34jy3WcMVq5hvRcqsE=
github.com/BalazsNyiro/iris v0.0.0-20221215191628-f2e7b14d445f h1:v9XjnULeISYbjy70QdwMutkKjtSsRV8/G8jnDc9cP6Q=
github.com/BalazsNyiro/iris v0.0.0-20221215191628-f2e7b14d445f/go.mod h1:gOOpqgInAXvDwO/dbfrht1NuO34jy3WcMVq5hvRcqsE=
github.com/BalazsNyiro/iris v0.0.0-20230102150728-20f53bf4d42a h1:ABcNt3yPbJ7YOWtJ4VSWkfRVjadFsgyWOMZL+36trOs=
github.com/BalazsNyiro/iris v0.0.0-20230102150728-20f53bf4d42a/go.mod h1:gOOpqgInAXvDwO/dbfrht1NuO34jy3WcMVq5hvRcqsE=
github.com/BalazsNyiro/iris v0.0.0-20230702124917-4936d901daff h1:niSkO+h22NsZWCvilHwDiRY8u99wDTRrdOUlUQuvuHk=
github.com/BalazsNyiro/iris v0.0.0-20230702124917-4936d901daff/go.mod h1:gOOpqgInAXvDwO/dbfrht1NuO34jy3WcMVq5hvRcqsE=
github.com/BalazsNyiro/iris v0.0.0-20230703201636-06eb1b210e5d h1:XBiHW/vCDiqE+Lg7oArJOy6viiv8g/iPGjg+WikL00c=
github.com/BalazsNyiro/iris v0.0.0-20230703201636-06eb1b210e5d/go.mod h1:gOOpqgInAXvDwO/dbfrht1NuO34jy3WcMVq5hvRcqsE=
github.com/BalazsNyiro/iris v0.0.0-20230703201801-a25cde730632 h1:dfDCMJTEpuTfddDtNiTQVfzc7BQUbfjyQQ51PO3onoE=
github.com/BalazsNyiro/iris v0.0.0-20230703201801-a25cde730632/go.mod h1:gOOpqgInAXvDwO/dbfrht1NuO34jy3WcMVq5hvRcqsE=
